
Microsoft Visual Studio Solution File, Format Version 12.00
# Visual Studio Version 17
Project("{8BC9CEB8-8B4A-11D0-8D11-00A0C91BC942}") = "ALL_BUILD", "ALL_BUILD.vcxproj", "{D10E0A57-7B04-3585-90E4-85D5984EB5FF}"
	ProjectSection(ProjectDependencies) = postProject
		{C21E737F-92D9-374F-A193-5D64E2B97096} = {C21E737F-92D9-374F-A193-5D64E2B97096}
		{03D2C703-11B6-3A76-A975-C02F6B078BBD} = {03D2C703-11B6-3A76-A975-C02F6B078BBD}
		{431EA3C0-0EE0-3E0B-B234-8BABB688D260} = {431EA3C0-0EE0-3E0B-B234-8BABB688D260}
		{E5D8A49F-31A1-360F-9D90-6CF14B41B978} = {E5D8A49F-31A1-360F-9D90-6CF14B41B978}
	EndProjectSection
EndProject
Project("{8BC9CEB8-8B4A-11D0-8D11-00A0C91BC942}") = "INSTALL", "INSTALL.vcxproj", "{99ADE4D3-1B82-37FB-B14F-7A2F9089EB01}"
	ProjectSection(ProjectDependencies) = postProject
		{D10E0A57-7B04-3585-90E4-85D5984EB5FF} = {D10E0A57-7B04-3585-90E4-85D5984EB5FF}
		{C21E737F-92D9-374F-A193-5D64E2B97096} = {C21E737F-92D9-374F-A193-5D64E2B97096}
	EndProjectSection
EndProject
Project("{8BC9CEB8-8B4A-11D0-8D11-00A0C91BC942}") = "ZERO_CHECK", "ZERO_CHECK.vcxproj", "{C21E737F-92D9-374F-A193-5D64E2B97096}"
	ProjectSection(ProjectDependencies) = postProject
	EndProjectSection
EndProject
Project("{8BC9CEB8-8B4A-11D0-8D11-00A0C91BC942}") = "curl", "src\curl.vcxproj", "{03D2C703-11B6-3A76-A975-C02F6B078BBD}"
	ProjectSection(ProjectDependencies) = postProject
		{C21E737F-92D9-374F-A193-5D64E2B97096} = {C21E737F-92D9-374F-A193-5D64E2B97096}
		{E5D8A49F-31A1-360F-9D90-6CF14B41B978} = {E5D8A49F-31A1-360F-9D90-6CF14B41B978}
	EndProjectSection
EndProject
Project("{8BC9CEB8-8B4A-11D0-8D11-00A0C91BC942}") = "curl_uninstall", "curl_uninstall.vcxproj", "{3E7F6ECE-B894-3ABF-A7B5-7B75BBC35CF4}"
	ProjectSection(ProjectDependencies) = postProject
		{C21E737F-92D9-374F-A193-5D64E2B97096} = {C21E737F-92D9-374F-A193-5D64E2B97096}
	EndProjectSection
EndProject
Project("{8BC9CEB8-8B4A-11D0-8D11-00A0C91BC942}") = "curltool", "src\curltool.vcxproj", "{8821B5E4-710A-3A34-8947-7E7B7E42256F}"
	ProjectSection(ProjectDependencies) = postProject
		{C21E737F-92D9-374F-A193-5D64E2B97096} = {C21E737F-92D9-374F-A193-5D64E2B97096}
	EndProjectSection
EndProject
Project("{8BC9CEB8-8B4A-11D0-8D11-00A0C91BC942}") = "libcurl_object", "lib\libcurl_object.vcxproj", "{431EA3C0-0EE0-3E0B-B234-8BABB688D260}"
	ProjectSection(ProjectDependencies) = postProject
		{C21E737F-92D9-374F-A193-5D64E2B97096} = {C21E737F-92D9-374F-A193-5D64E2B97096}
	EndProjectSection
EndProject
Project("{8BC9CEB8-8B4A-11D0-8D11-00A0C91BC942}") = "libcurl_shared", "lib\libcurl_shared.vcxproj", "{E5D8A49F-31A1-360F-9D90-6CF14B41B978}"
	ProjectSection(ProjectDependencies) = postProject
		{C21E737F-92D9-374F-A193-5D64E2B97096} = {C21E737F-92D9-374F-A193-5D64E2B97096}
		{431EA3C0-0EE0-3E0B-B234-8BABB688D260} = {431EA3C0-0EE0-3E0B-B234-8BABB688D260}
	EndProjectSection
EndProject
Global
	GlobalSection(SolutionConfigurationPlatforms) = preSolution
		Debug|x64 = Debug|x64
		Release|x64 = Release|x64
		MinSizeRel|x64 = MinSizeRel|x64
		RelWithDebInfo|x64 = RelWithDebInfo|x64
	EndGlobalSection
	GlobalSection(ProjectConfigurationPlatforms) = postSolution
		{D10E0A57-7B04-3585-90E4-85D5984EB5FF}.Debug|x64.ActiveCfg = Debug|x64
		{D10E0A57-7B04-3585-90E4-85D5984EB5FF}.Debug|x64.Build.0 = Debug|x64
		{D10E0A57-7B04-3585-90E4-85D5984EB5FF}.Release|x64.ActiveCfg = Release|x64
		{D10E0A57-7B04-3585-90E4-85D5984EB5FF}.Release|x64.Build.0 = Release|x64
		{D10E0A57-7B04-3585-90E4-85D5984EB5FF}.MinSizeRel|x64.ActiveCfg = MinSizeRel|x64
		{D10E0A57-7B04-3585-90E4-85D5984EB5FF}.MinSizeRel|x64.Build.0 = MinSizeRel|x64
		{D10E0A57-7B04-3585-90E4-85D5984EB5FF}.RelWithDebInfo|x64.ActiveCfg = RelWithDebInfo|x64
		{D10E0A57-7B04-3585-90E4-85D5984EB5FF}.RelWithDebInfo|x64.Build.0 = RelWithDebInfo|x64
		{99ADE4D3-1B82-37FB-B14F-7A2F9089EB01}.Debug|x64.ActiveCfg = Debug|x64
		{99ADE4D3-1B82-37FB-B14F-7A2F9089EB01}.Release|x64.ActiveCfg = Release|x64
		{99ADE4D3-1B82-37FB-B14F-7A2F9089EB01}.MinSizeRel|x64.ActiveCfg = MinSizeRel|x64
		{99ADE4D3-1B82-37FB-B14F-7A2F9089EB01}.RelWithDebInfo|x64.ActiveCfg = RelWithDebInfo|x64
		{C21E737F-92D9-374F-A193-5D64E2B97096}.Debug|x64.ActiveCfg = Debug|x64
		{C21E737F-92D9-374F-A193-5D64E2B97096}.Debug|x64.Build.0 = Debug|x64
		{C21E737F-92D9-374F-A193-5D64E2B97096}.Release|x64.ActiveCfg = Release|x64
		{C21E737F-92D9-374F-A193-5D64E2B97096}.Release|x64.Build.0 = Release|x64
		{C21E737F-92D9-374F-A193-5D64E2B97096}.MinSizeRel|x64.ActiveCfg = MinSizeRel|x64
		{C21E737F-92D9-374F-A193-5D64E2B97096}.MinSizeRel|x64.Build.0 = MinSizeRel|x64
		{C21E737F-92D9-374F-A193-5D64E2B97096}.RelWithDebInfo|x64.ActiveCfg = RelWithDebInfo|x64
		{C21E737F-92D9-374F-A193-5D64E2B97096}.RelWithDebInfo|x64.Build.0 = RelWithDebInfo|x64
		{03D2C703-11B6-3A76-A975-C02F6B078BBD}.Debug|x64.ActiveCfg = Debug|x64
		{03D2C703-11B6-3A76-A975-C02F6B078BBD}.Debug|x64.Build.0 = Debug|x64
		{03D2C703-11B6-3A76-A975-C02F6B078BBD}.Release|x64.ActiveCfg = Release|x64
		{03D2C703-11B6-3A76-A975-C02F6B078BBD}.Release|x64.Build.0 = Release|x64
		{03D2C703-11B6-3A76-A975-C02F6B078BBD}.MinSizeRel|x64.ActiveCfg = MinSizeRel|x64
		{03D2C703-11B6-3A76-A975-C02F6B078BBD}.MinSizeRel|x64.Build.0 = MinSizeRel|x64
		{03D2C703-11B6-3A76-A975-C02F6B078BBD}.RelWithDebInfo|x64.ActiveCfg = RelWithDebInfo|x64
		{03D2C703-11B6-3A76-A975-C02F6B078BBD}.RelWithDebInfo|x64.Build.0 = RelWithDebInfo|x64
		{3E7F6ECE-B894-3ABF-A7B5-7B75BBC35CF4}.Debug|x64.ActiveCfg = Debug|x64
		{3E7F6ECE-B894-3ABF-A7B5-7B75BBC35CF4}.Release|x64.ActiveCfg = Release|x64
		{3E7F6ECE-B894-3ABF-A7B5-7B75BBC35CF4}.MinSizeRel|x64.ActiveCfg = MinSizeRel|x64
		{3E7F6ECE-B894-3ABF-A7B5-7B75BBC35CF4}.RelWithDebInfo|x64.ActiveCfg = RelWithDebInfo|x64
		{8821B5E4-710A-3A34-8947-7E7B7E42256F}.Debug|x64.ActiveCfg = Debug|x64
		{8821B5E4-710A-3A34-8947-7E7B7E42256F}.Debug|x64.Build.0 = Debug|x64
		{8821B5E4-710A-3A34-8947-7E7B7E42256F}.Release|x64.ActiveCfg = Release|x64
		{8821B5E4-710A-3A34-8947-7E7B7E42256F}.Release|x64.Build.0 = Release|x64
		{8821B5E4-710A-3A34-8947-7E7B7E42256F}.MinSizeRel|x64.ActiveCfg = MinSizeRel|x64
		{8821B5E4-710A-3A34-8947-7E7B7E42256F}.MinSizeRel|x64.Build.0 = MinSizeRel|x64
		{8821B5E4-710A-3A34-8947-7E7B7E42256F}.RelWithDebInfo|x64.ActiveCfg = RelWithDebInfo|x64
		{8821B5E4-710A-3A34-8947-7E7B7E42256F}.RelWithDebInfo|x64.Build.0 = RelWithDebInfo|x64
		{431EA3C0-0EE0-3E0B-B234-8BABB688D260}.Debug|x64.ActiveCfg = Debug|x64
		{431EA3C0-0EE0-3E0B-B234-8BABB688D260}.Debug|x64.Build.0 = Debug|x64
		{431EA3C0-0EE0-3E0B-B234-8BABB688D260}.Release|x64.ActiveCfg = Release|x64
		{431EA3C0-0EE0-3E0B-B234-8BABB688D260}.Release|x64.Build.0 = Release|x64
		{431EA3C0-0EE0-3E0B-B234-8BABB688D260}.MinSizeRel|x64.ActiveCfg = MinSizeRel|x64
		{431EA3C0-0EE0-3E0B-B234-8BABB688D260}.MinSizeRel|x64.Build.0 = MinSizeRel|x64
		{431EA3C0-0EE0-3E0B-B234-8BABB688D260}.RelWithDebInfo|x64.ActiveCfg = RelWithDebInfo|x64
		{431EA3C0-0EE0-3E0B-B234-8BABB688D260}.RelWithDebInfo|x64.Build.0 = RelWithDebInfo|x64
		{E5D8A49F-31A1-360F-9D90-6CF14B41B978}.Debug|x64.ActiveCfg = Debug|x64
		{E5D8A49F-31A1-360F-9D90-6CF14B41B978}.Debug|x64.Build.0 = Debug|x64
		{E5D8A49F-31A1-360F-9D90-6CF14B41B978}.Release|x64.ActiveCfg = Release|x64
		{E5D8A49F-31A1-360F-9D90-6CF14B41B978}.Release|x64.Build.0 = Release|x64
		{E5D8A49F-31A1-360F-9D90-6CF14B41B978}.MinSizeRel|x64.ActiveCfg = MinSizeRel|x64
		{E5D8A49F-31A1-360F-9D90-6CF14B41B978}.MinSizeRel|x64.Build.0 = MinSizeRel|x64
		{E5D8A49F-31A1-360F-9D90-6CF14B41B978}.RelWithDebInfo|x64.ActiveCfg = RelWithDebInfo|x64
		{E5D8A49F-31A1-360F-9D90-6CF14B41B978}.RelWithDebInfo|x64.Build.0 = RelWithDebInfo|x64
	EndGlobalSection
	GlobalSection(ExtensibilityGlobals) = postSolution
		SolutionGuid = {49F7102E-F285-3401-A5ED-6F7F25B87DDA}
	EndGlobalSection
	GlobalSection(ExtensibilityAddIns) = postSolution
	EndGlobalSection
EndGlobal
