<?xml version="1.0" encoding="utf-8"?>
<Project ToolsVersion="4.0" xmlns="http://schemas.microsoft.com/developer/msbuild/2003">
  <ItemGroup>
    <Filter Include="Source Files">
      <UniqueIdentifier>{4FC737F1-C7A5-4376-A066-2A32D752A2FF}</UniqueIdentifier>
      <Extensions>cpp;c;cc;cxx;c++;cppm;ixx;def;odl;idl;hpj;bat;asm;asmx</Extensions>
    </Filter>
    <Filter Include="Header Files">
      <UniqueIdentifier>{93995380-89BD-4b04-88EB-625FBE52EBFB}</UniqueIdentifier>
      <Extensions>h;hh;hpp;hxx;h++;hm;inl;inc;ipp;xsd</Extensions>
    </Filter>
    <Filter Include="Resource Files">
      <UniqueIdentifier>{67DA6AB6-F800-4c08-8B7A-83BB121AAD01}</UniqueIdentifier>
      <Extensions>rc;ico;cur;bmp;dlg;rc2;rct;bin;rgs;gif;jpg;jpeg;jpe;resx;tiff;tif;png;wav;mfcribbon-ms</Extensions>
    </Filter>
  </ItemGroup>
  <ItemGroup>
    <ClInclude Include="src\stdafx.hpp">
      <Filter>Header Files</Filter>
    </ClInclude>
    <ClInclude Include="src\core\init.hpp">
      <Filter>Header Files</Filter>
    </ClInclude>
    <ClInclude Include="src\core\core.hpp">
      <Filter>Header Files</Filter>
    </ClInclude>
    <ClInclude Include="src\core\log\log.hpp">
      <Filter>Header Files</Filter>
    </ClInclude>
    <ClInclude Include="src\util\util.hpp">
      <Filter>Header Files</Filter>
    </ClInclude>
    <ClInclude Include="src\security\checks\debuggercheck.hpp">
      <Filter>Header Files</Filter>
    </ClInclude>
    <ClInclude Include="src\security\papi\types.hpp">
      <Filter>Header Files</Filter>
    </ClInclude>
    <ClInclude Include="src\security\util\winapi.hpp">
      <Filter>Header Files</Filter>
    </ClInclude>
    <ClInclude Include="src\security\security.hpp">
      <Filter>Header Files</Filter>
    </ClInclude>
    <ClInclude Include="src\util\hooking\minhook.h">
      <Filter>Header Files</Filter>
    </ClInclude>
    <ClInclude Include="src\util\hooking\hooking.hpp">
      <Filter>Header Files</Filter>
    </ClInclude>
    <ClInclude Include="src\util\memory\memory.hpp">
      <Filter>Header Files</Filter>
    </ClInclude>
    <ClInclude Include="src\util\memory\pattern.hpp">
      <Filter>Header Files</Filter>
    </ClInclude>
    <ClInclude Include="src\core\patterns.hpp">
      <Filter>Header Files</Filter>
    </ClInclude>
    <ClInclude Include="src\core\hooks.hpp">
      <Filter>Header Files</Filter>
    </ClInclude>
    <ClInclude Include="src\rage\classes\script\scrNativeHandler.hpp">
      <Filter>Header Files</Filter>
    </ClInclude>
    <ClInclude Include="src\rage\classes\script\scrNativeRegistration.hpp">
      <Filter>Header Files</Filter>
    </ClInclude>
    <ClInclude Include="src\rage\classes\script\scrNativeRegistrationTable.hpp">
      <Filter>Header Files</Filter>
    </ClInclude>
    <ClInclude Include="src\rage\classes\base\pgBase.hpp">
      <Filter>Header Files</Filter>
    </ClInclude>
    <ClInclude Include="src\rage\classes\rage\scrValue.hpp">
      <Filter>Header Files</Filter>
    </ClInclude>
    <ClInclude Include="src\rage\classes\script\scrProgram.hpp">
      <Filter>Header Files</Filter>
    </ClInclude>
    <ClInclude Include="src\rage\classes\script\scrThreadContext.hpp">
      <Filter>Header Files</Filter>
    </ClInclude>
    <ClInclude Include="src\util\fiber.hpp">
      <Filter>Header Files</Filter>
    </ClInclude>
    <ClInclude Include="src\rage\classes\rage\joaat.hpp">
      <Filter>Header Files</Filter>
    </ClInclude>
    <ClInclude Include="src\util\fiber_pool.hpp">
      <Filter>Header Files</Filter>
    </ClInclude>
    <ClInclude Include="src\framework\options\abstract_option.hpp">
      <Filter>Header Files</Filter>
    </ClInclude>
    <ClInclude Include="src\framework\types.hpp">
      <Filter>Header Files</Filter>
    </ClInclude>
    <ClInclude Include="src\util\math.hpp">
      <Filter>Header Files</Filter>
    </ClInclude>
    <ClInclude Include="src\framework\options\abstract_submenu.hpp">
      <Filter>Header Files</Filter>
    </ClInclude>
    <ClInclude Include="src\framework\options\break.hpp">
      <Filter>Header Files</Filter>
    </ClInclude>
    <ClInclude Include="src\framework\options\option.hpp">
      <Filter>Header Files</Filter>
    </ClInclude>
    <ClInclude Include="src\framework\options\button.hpp">
      <Filter>Header Files</Filter>
    </ClInclude>
    <ClInclude Include="src\framework\options\submenu.hpp">
      <Filter>Header Files</Filter>
    </ClInclude>
    <ClInclude Include="src\framework\options\submenu_option.hpp">
      <Filter>Header Files</Filter>
    </ClInclude>
    <ClInclude Include="src\framework\render.hpp">
      <Filter>Header Files</Filter>
    </ClInclude>
    <ClInclude Include="src\util\caller.hpp">
      <Filter>Header Files</Filter>
    </ClInclude>
    <ClInclude Include="src\rage\invoker\natives.hpp">
      <Filter>Header Files</Filter>
    </ClInclude>
    <ClInclude Include="src\rage\types\base_types.hpp">
      <Filter>Header Files</Filter>
    </ClInclude>
    <ClInclude Include="src\rage\invoker\native_invoker.hpp">
      <Filter>Header Files</Filter>
    </ClInclude>
    <ClInclude Include="src\framework\framework.hpp">
      <Filter>Header Files</Filter>
    </ClInclude>
    <ClInclude Include="src\framework\options\core.hpp">
      <Filter>Header Files</Filter>
    </ClInclude>
    <ClInclude Include="src\cheat\menu\main.hpp">
      <Filter>Header Files</Filter>
    </ClInclude>
    <ClInclude Include="src\framework\options\toggle.hpp">
      <Filter>Header Files</Filter>
    </ClInclude>
    <ClInclude Include="src\rage\classes\rage\rlMetric.hpp">
      <Filter>Header Files</Filter>
    </ClInclude>
    <ClInclude Include="src\rage\classes\texture\grcTextureStore.hpp">
      <Filter>Header Files</Filter>
    </ClInclude>
    <ClInclude Include="src\rage\classes\texture\pgDictionaryPool.hpp">
      <Filter>Header Files</Filter>
    </ClInclude>
    <ClInclude Include="src\rage\classes\texture\pgDictionary.hpp">
      <Filter>Header Files</Filter>
    </ClInclude>
    <ClInclude Include="src\rage\classes\texture\grcTexture.hpp">
      <Filter>Header Files</Filter>
    </ClInclude>
    <ClInclude Include="src\rage\classes\texture\grcTextureFactory.hpp">
      <Filter>Header Files</Filter>
    </ClInclude>
    <ClInclude Include="src\rage\classes\texture\grcRenderTarget.hpp">
      <Filter>Header Files</Filter>
    </ClInclude>
    <ClInclude Include="src\rage\classes\texture\grcLockedTexture.hpp">
      <Filter>Header Files</Filter>
    </ClInclude>
    <ClInclude Include="src\rage\classes\script\sysMemAllocator.hpp">
      <Filter>Header Files</Filter>
    </ClInclude>
    <ClInclude Include="src\rage\classes\base\atRTTI.hpp">
      <Filter>Header Files</Filter>
    </ClInclude>
    <ClInclude Include="src\rage\classes\script\TlsContext.hpp">
      <Filter>Header Files</Filter>
    </ClInclude>
    <ClInclude Include="src\cheat\util\input.hpp">
      <Filter>Header Files</Filter>
    </ClInclude>
    <ClInclude Include="src\cheat\menu\submenus\player.hpp">
      <Filter>Header Files</Filter>
    </ClInclude>
    <ClInclude Include="src\rage\classes\ped\CPedFactory.hpp">
      <Filter>Header Files</Filter>
    </ClInclude>
    <ClInclude Include="src\rage\classes\ped\CPed.hpp">
      <Filter>Header Files</Filter>
    </ClInclude>
    <ClInclude Include="src\rage\classes\rage\vector.hpp">
      <Filter>Header Files</Filter>
    </ClInclude>
    <ClInclude Include="src\rage\classes\ped\CPedBoneInfo.hpp">
      <Filter>Header Files</Filter>
    </ClInclude>
    <ClInclude Include="src\rage\classes\ped\CPedIntelligence.hpp">
      <Filter>Header Files</Filter>
    </ClInclude>
    <ClInclude Include="src\rage\classes\ped\CPedInventory.hpp">
      <Filter>Header Files</Filter>
    </ClInclude>
    <ClInclude Include="src\rage\classes\base\fwArchetype.hpp">
      <Filter>Header Files</Filter>
    </ClInclude>
    <ClInclude Include="src\rage\classes\base\datBase.hpp">
      <Filter>Header Files</Filter>
    </ClInclude>
    <ClInclude Include="src\rage\classes\base\fwArchetypeDef.hpp">
      <Filter>Header Files</Filter>
    </ClInclude>
    <ClInclude Include="src\rage\classes\base\CBaseModelInfo.hpp">
      <Filter>Header Files</Filter>
    </ClInclude>
    <ClInclude Include="src\rage\classes\ped\CPedModelInfo.hpp">
      <Filter>Header Files</Filter>
    </ClInclude>
    <ClInclude Include="src\rage\classes\ped\CPedWeaponManager.hpp">
      <Filter>Header Files</Filter>
    </ClInclude>
    <ClInclude Include="src\rage\classes\weapon\CWeaponInfo.hpp">
      <Filter>Header Files</Filter>
    </ClInclude>
    <ClInclude Include="src\rage\classes\rage\atArray.hpp">
      <Filter>Header Files</Filter>
    </ClInclude>
    <ClInclude Include="src\rage\classes\weapon\CAmmoInfo.hpp">
      <Filter>Header Files</Filter>
    </ClInclude>
    <ClInclude Include="src\rage\classes\weapon\CItemInfo.hpp">
      <Filter>Header Files</Filter>
    </ClInclude>
    <ClInclude Include="src\rage\classes\enums\eExplosionTag.hpp">
      <Filter>Header Files</Filter>
    </ClInclude>
    <ClInclude Include="src\rage\classes\weapon\CWeaponBoneId.hpp">
      <Filter>Header Files</Filter>
    </ClInclude>
    <ClInclude Include="src\rage\classes\entities\fwEntity.hpp">
      <Filter>Header Files</Filter>
    </ClInclude>
    <ClInclude Include="src\rage\classes\base\CNavigation.hpp">
      <Filter>Header Files</Filter>
    </ClInclude>
    <ClInclude Include="src\rage\classes\base\phArchetype.hpp">
      <Filter>Header Files</Filter>
    </ClInclude>
    <ClInclude Include="src\rage\classes\base\phBound.hpp">
      <Filter>Header Files</Filter>
    </ClInclude>
    <ClInclude Include="src\rage\classes\base\fwExtensibleBase.hpp">
      <Filter>Header Files</Filter>
    </ClInclude>
    <ClInclude Include="src\rage\classes\base\fwRefAwareBase.hpp">
      <Filter>Header Files</Filter>
    </ClInclude>
    <ClInclude Include="src\rage\classes\base\fwRefAwareBaseImpl.hpp">
      <Filter>Header Files</Filter>
    </ClInclude>
    <ClInclude Include="src\rage\classes\base\fwExtensionContainer.hpp">
      <Filter>Header Files</Filter>
    </ClInclude>
    <ClInclude Include="src\rage\classes\base\fwExtension.hpp">
      <Filter>Header Files</Filter>
    </ClInclude>
    <ClInclude Include="src\rage\classes\entities\CPhysical.hpp">
      <Filter>Header Files</Filter>
    </ClInclude>
    <ClInclude Include="src\rage\classes\entities\CDynamicEntity.hpp">
      <Filter>Header Files</Filter>
    </ClInclude>
    <ClInclude Include="src\rage\classes\entities\CEntity.hpp">
      <Filter>Header Files</Filter>
    </ClInclude>
    <ClInclude Include="src\rage\classes\entities\CAttackers.hpp">
      <Filter>Header Files</Filter>
    </ClInclude>
    <ClInclude Include="src\rage\classes\network\netObject.hpp">
      <Filter>Header Files</Filter>
    </ClInclude>
    <ClInclude Include="src\rage\classes\netsync\netSyncTree.hpp">
      <Filter>Header Files</Filter>
    </ClInclude>
    <ClInclude Include="src\rage\classes\netsync\netSyncNodeBase.hpp">
      <Filter>Header Files</Filter>
    </ClInclude>
    <ClInclude Include="src\rage\classes\vehicle\CVehicle.hpp">
      <Filter>Header Files</Filter>
    </ClInclude>
    <ClInclude Include="src\rage\classes\vehicle\CHandlingData.hpp">
      <Filter>Header Files</Filter>
    </ClInclude>
    <ClInclude Include="src\rage\classes\vehicle\CBaseSubHandlingData.hpp">
      <Filter>Header Files</Filter>
    </ClInclude>
    <ClInclude Include="src\rage\classes\enums\eHandlingType.hpp">
      <Filter>Header Files</Filter>
    </ClInclude>
    <ClInclude Include="src\rage\classes\vehicle\CHandlingObject.hpp">
      <Filter>Header Files</Filter>
    </ClInclude>
    <ClInclude Include="src\rage\classes\draw_handlers\fwDrawData.hpp">
      <Filter>Header Files</Filter>
    </ClInclude>
    <ClInclude Include="src\rage\classes\player\CPlayerInfo.hpp">
      <Filter>Header Files</Filter>
    </ClInclude>
    <ClInclude Include="src\rage\classes\rage\rlGamerInfo.hpp">
      <Filter>Header Files</Filter>
    </ClInclude>
    <ClInclude Include="src\rage\classes\rage\rlGamerInfoBase.hpp">
      <Filter>Header Files</Filter>
    </ClInclude>
    <ClInclude Include="src\rage\classes\rage\rlGamerHandle.hpp">
      <Filter>Header Files</Filter>
    </ClInclude>
    <ClInclude Include="src\rage\classes\network\netPeerAddress.hpp">
      <Filter>Header Files</Filter>
    </ClInclude>
    <ClInclude Include="src\cheat\util\global.hpp">
      <Filter>Header Files</Filter>
    </ClInclude>
    <ClInclude Include="src\cheat\util\control_manager.hpp">
      <Filter>Header Files</Filter>
    </ClInclude>
    <ClInclude Include="src\rage\classes\network\netEvent.hpp">
      <Filter>Header Files</Filter>
    </ClInclude>
    <ClInclude Include="src\rage\classes\enums\enums.hpp">
      <Filter>Header Files</Filter>
    </ClInclude>
    <ClInclude Include="src\rage\classes\player\CNonPhysicalPlayerData.hpp">
      <Filter>Header Files</Filter>
    </ClInclude>
    <ClInclude Include="src\rage\classes\network\ClanData.hpp">
      <Filter>Header Files</Filter>
    </ClInclude>
    <ClInclude Include="src\rage\classes\network\netPlayer.hpp">
      <Filter>Header Files</Filter>
    </ClInclude>
    <ClInclude Include="src\rage\classes\rage\rlSessionInfo.hpp">
      <Filter>Header Files</Filter>
    </ClInclude>
    <ClInclude Include="src\rage\classes\network\CNetGamePlayer.hpp">
      <Filter>Header Files</Filter>
    </ClInclude>
    <ClInclude Include="src\cheat\util\notify.hpp">
      <Filter>Header Files</Filter>
    </ClInclude>
    <ClInclude Include="src\rage\classes\script\scrProgramTableEntry.hpp">
      <Filter>Header Files</Filter>
    </ClInclude>
    <ClInclude Include="src\rage\classes\script\scrProgramTable.hpp">
      <Filter>Header Files</Filter>
    </ClInclude>
    <ClInclude Include="src\cheat\util\script\script_patch.hpp">
      <Filter>Header Files</Filter>
    </ClInclude>
    <ClInclude Include="src\cheat\util\script\script_data.hpp">
      <Filter>Header Files</Filter>
    </ClInclude>
    <ClInclude Include="src\cheat\util\script\script_patcher_service.hpp">
      <Filter>Header Files</Filter>
    </ClInclude>
    <ClInclude Include="src\rage\classes\netsync\net_object_mgr.hpp">
      <Filter>Header Files</Filter>
    </ClInclude>
    <ClInclude Include="src\rage\classes\script\dataList.hpp">
      <Filter>Header Files</Filter>
    </ClInclude>
    <ClInclude Include="src\rage\classes\netsync\data_nodes.hpp">
      <Filter>Header Files</Filter>
    </ClInclude>
    <ClInclude Include="src\rage\classes\netsync\CProjectBaseSyncDataNode.hpp">
      <Filter>Header Files</Filter>
    </ClInclude>
    <ClInclude Include="src\rage\classes\netsync\netSyncDataNode.hpp">
      <Filter>Header Files</Filter>
    </ClInclude>
    <ClInclude Include="src\rage\classes\netsync\NodeCommonDataOperations.hpp">
      <Filter>Header Files</Filter>
    </ClInclude>
    <ClInclude Include="src\rage\classes\script\CGameScriptObjInfo.hpp">
      <Filter>Header Files</Filter>
    </ClInclude>
    <ClInclude Include="src\rage\classes\script\scriptId.hpp">
      <Filter>Header Files</Filter>
    </ClInclude>
    <ClInclude Include="src\rage\classes\script\scriptIdBase.hpp">
      <Filter>Header Files</Filter>
    </ClInclude>
    <ClInclude Include="src\rage\classes\script\types.hpp">
      <Filter>Header Files</Filter>
    </ClInclude>
    <ClInclude Include="src\rage\classes\base\CObject.hpp">
      <Filter>Header Files</Filter>
    </ClInclude>
    <ClInclude Include="src\rage\types\pool_types.hpp">
      <Filter>Header Files</Filter>
    </ClInclude>
    <ClInclude Include="src\rage\classes\base\HashTable.hpp">
      <Filter>Header Files</Filter>
    </ClInclude>
    <ClInclude Include="src\rage\classes\vehicle\CVehicleModelInfo.hpp">
      <Filter>Header Files</Filter>
    </ClInclude>
    <ClInclude Include="src\rage\classes\vehicle\CVehicleModelInfoLayout.hpp">
      <Filter>Header Files</Filter>
    </ClInclude>
    <ClInclude Include="src\rage\classes\vehicle\CVehicleLayoutMetaData.hpp">
      <Filter>Header Files</Filter>
    </ClInclude>
    <ClInclude Include="src\rage\classes\vehicle\CVehicleSeatAnimInfos.hpp">
      <Filter>Header Files</Filter>
    </ClInclude>
    <ClInclude Include="src\rage\classes\vehicle\CVehicleSeatAnimInfo.hpp">
      <Filter>Header Files</Filter>
    </ClInclude>
    <ClInclude Include="src\rage\classes\vehicle\CVehicleDriveByAnimInfo.hpp">
      <Filter>Header Files</Filter>
    </ClInclude>
    <ClInclude Include="src\rage\classes\vehicle\CDriveByAnimInfo.hpp">
      <Filter>Header Files</Filter>
    </ClInclude>
    <ClInclude Include="src\rage\classes\vehicle\CWeaponGroupNames.hpp">
      <Filter>Header Files</Filter>
    </ClInclude>
    <ClInclude Include="src\rage\classes\vehicle\CTrainConfig.hpp">
      <Filter>Header Files</Filter>
    </ClInclude>
    <ClInclude Include="src\rage\classes\network\netShopping.hpp">
      <Filter>Header Files</Filter>
    </ClInclude>
    <ClInclude Include="src\cheat\util\shop_manager.hpp">
      <Filter>Header Files</Filter>
    </ClInclude>
    <ClInclude Include="src\rage\classes\script\scrThread.hpp">
      <Filter>Header Files</Filter>
    </ClInclude>
    <ClInclude Include="src\rage\classes\script\scriptHandler.hpp">
      <Filter>Header Files</Filter>
    </ClInclude>
    <ClInclude Include="src\rage\classes\script\scriptHandlerNetComponent.hpp">
      <Filter>Header Files</Filter>
    </ClInclude>
    <ClInclude Include="src\rage\classes\script\scriptResource.hpp">
      <Filter>Header Files</Filter>
    </ClInclude>
    <ClInclude Include="src\rage\classes\script\GtaThread.hpp">
      <Filter>Header Files</Filter>
    </ClInclude>
    <ClInclude Include="src\framework\options\scroll.hpp">
      <Filter>Header Files</Filter>
    </ClInclude>
    <ClInclude Include="src\cheat\menu\submenus\protection.hpp">
      <Filter>Header Files</Filter>
    </ClInclude>
    <ClInclude Include="src\cheat\util\event.hpp">
      <Filter>Header Files</Filter>
    </ClInclude>
    <ClInclude Include="src\framework\d3d.hpp">
      <Filter>Header Files</Filter>
    </ClInclude>
    <ClInclude Include="src\cheat\util\texture.hpp">
      <Filter>Header Files</Filter>
    </ClInclude>
    <ClInclude Include="src\core\hooks\SyncData.hpp">
      <Filter>Header Files</Filter>
    </ClInclude>
    <ClInclude Include="src\cheat\util\player_manager.hpp">
      <Filter>Header Files</Filter>
    </ClInclude>
    <ClInclude Include="src\cheat\menu\submenus\network\network_players.hpp">
      <Filter>Header Files</Filter>
    </ClInclude>
    <ClInclude Include="src\cheat\util\timer.hpp">
      <Filter>Header Files</Filter>
    </ClInclude>
    <ClInclude Include="src\cheat\menu\submenus\network\players\network_players_selected.hpp">
      <Filter>Header Files</Filter>
    </ClInclude>
    <ClInclude Include="src\cheat\menu\submenus\network.hpp">
      <Filter>Header Files</Filter>
    </ClInclude>
    <ClInclude Include="src\cheat\menu\submenus\spawner.hpp">
      <Filter>Header Files</Filter>
    </ClInclude>
    <ClInclude Include="src\core\exceptions\Disassembler.hpp">
      <Filter>Header Files</Filter>
    </ClInclude>
    <ClInclude Include="src\core\exceptions\exception.hpp">
      <Filter>Header Files</Filter>
    </ClInclude>
    <ClInclude Include="src\core\exceptions\stackWalker.hpp">
      <Filter>Header Files</Filter>
    </ClInclude>
    <ClInclude Include="src\cheat\menu\submenus\network\network_tunables.hpp">
      <Filter>Header Files</Filter>
    </ClInclude>
    <ClInclude Include="src\cheat\util\scr_globals.hpp">
      <Filter>Header Files</Filter>
    </ClInclude>
    <ClInclude Include="src\cheat\util\panels.hpp">
      <Filter>Header Files</Filter>
    </ClInclude>
    <ClInclude Include="src\rage\engine.hpp">
      <Filter>Header Files</Filter>
    </ClInclude>
    <ClInclude Include="src\cheat\menu\submenus\weapon.hpp">
      <Filter>Header Files</Filter>
    </ClInclude>
    <ClInclude Include="src\framework\options\number.hpp">
      <Filter>Header Files</Filter>
    </ClInclude>
    <ClInclude Include="src\cheat\menu\submenus\world.hpp">
      <Filter>Header Files</Filter>
    </ClInclude>
    <ClInclude Include="src\cheat\menu\submenus\vehicle.hpp">
      <Filter>Header Files</Filter>
    </ClInclude>
    <ClInclude Include="src\cheat\util\network_manager.hpp">
      <Filter>Header Files</Filter>
    </ClInclude>
    <ClInclude Include="src\rage\classes\script\scriptManager.hpp">
      <Filter>Header Files</Filter>
    </ClInclude>
    <ClInclude Include="src\rage\classes\network\CNetworkPlayerMgr.hpp">
      <Filter>Header Files</Filter>
    </ClInclude>
    <ClInclude Include="src\rage\classes\network\netPlayerMgrBase.hpp">
      <Filter>Header Files</Filter>
    </ClInclude>
    <ClInclude Include="src\rage\classes\network\CNetGamePlayerDataMsg.hpp">
      <Filter>Header Files</Filter>
    </ClInclude>
    <ClInclude Include="src\rage\types\network_types.hpp">
      <Filter>Header Files</Filter>
    </ClInclude>
    <ClInclude Include="src\rage\classes\network\CNetComplaintMgr.hpp">
      <Filter>Header Files</Filter>
    </ClInclude>
    <ClInclude Include="src\rage\classes\network\CMsgJoinResponse.hpp">
      <Filter>Header Files</Filter>
    </ClInclude>
    <ClInclude Include="src\rage\classes\network\CJoinRequestContext.hpp">
      <Filter>Header Files</Filter>
    </ClInclude>
    <ClInclude Include="src\rage\classes\network\snSession.hpp">
      <Filter>Header Files</Filter>
    </ClInclude>
    <ClInclude Include="src\rage\classes\network\RemoteGamerInfoMsg.hpp">
      <Filter>Header Files</Filter>
    </ClInclude>
    <ClInclude Include="src\rage\classes\network\netConnection.hpp">
      <Filter>Header Files</Filter>
    </ClInclude>
    <ClInclude Include="src\cheat\util\packet.hpp">
      <Filter>Header Files</Filter>
    </ClInclude>
    <ClInclude Include="src\cheat\menu\submenus\network\network_spoofing.hpp">
      <Filter>Header Files</Filter>
    </ClInclude>
    <ClInclude Include="src\cheat\menu\submenus\settings.hpp">
      <Filter>Header Files</Filter>
    </ClInclude>
    <ClInclude Include="src\rage\classes\base\netArrayHandlerBase.hpp">
      <Filter>Header Files</Filter>
    </ClInclude>
    <ClInclude Include="src\cheat\menu\submenus\teleport.hpp">
      <Filter>Header Files</Filter>
    </ClInclude>
    <ClInclude Include="src\cheat\menu\submenus\network\players\network_players_selected_griefing.hpp">
      <Filter>Header Files</Filter>
    </ClInclude>
    <ClInclude Include="src\cheat\menu\submenus\recovery.hpp">
      <Filter>Header Files</Filter>
    </ClInclude>
    <ClInclude Include="src\cheat\util\stats.hpp">
      <Filter>Header Files</Filter>
    </ClInclude>
  </ItemGroup>
  <ItemGroup>
    <ClCompile Include="src\dllmain.cpp">
      <Filter>Source Files</Filter>
    </ClCompile>
    <ClCompile Include="src\stdafx.cpp">
      <Filter>Source Files</Filter>
    </ClCompile>
    <ClCompile Include="src\core\init.cpp">
      <Filter>Source Files</Filter>
    </ClCompile>
    <ClCompile Include="src\core\core.cpp">
      <Filter>Source Files</Filter>
    </ClCompile>
    <ClCompile Include="src\core\log\log.cpp">
      <Filter>Source Files</Filter>
    </ClCompile>
    <ClCompile Include="src\security\checks\debuggercheck.cpp">
      <Filter>Source Files</Filter>
    </ClCompile>
    <ClCompile Include="src\security\util\winapi.cpp">
      <Filter>Source Files</Filter>
    </ClCompile>
    <ClCompile Include="src\security\security.cpp">
      <Filter>Source Files</Filter>
    </ClCompile>
    <ClCompile Include="src\util\hooking\hooking.cpp">
      <Filter>Source Files</Filter>
    </ClCompile>
    <ClCompile Include="src\util\memory\memory.cpp">
      <Filter>Source Files</Filter>
    </ClCompile>
    <ClCompile Include="src\util\memory\pattern.cpp">
      <Filter>Source Files</Filter>
    </ClCompile>
    <ClCompile Include="src\core\patterns.cpp">
      <Filter>Source Files</Filter>
    </ClCompile>
    <ClCompile Include="src\core\hooks\ScriptVM.cpp">
      <Filter>Source Files</Filter>
    </ClCompile>
    <ClCompile Include="src\core\hooks.cpp">
      <Filter>Source Files</Filter>
    </ClCompile>
    <ClCompile Include="src\util\fiber.cpp">
      <Filter>Source Files</Filter>
    </ClCompile>
    <ClCompile Include="src\util\fiber_pool.cpp">
      <Filter>Source Files</Filter>
    </ClCompile>
    <ClCompile Include="src\rage\invoker\native_invoker.cpp">
      <Filter>Source Files</Filter>
    </ClCompile>
    <ClCompile Include="src\framework\framework.cpp">
      <Filter>Source Files</Filter>
    </ClCompile>
    <ClCompile Include="src\cheat\menu\main.cpp">
      <Filter>Source Files</Filter>
    </ClCompile>
    <ClCompile Include="src\core\hooks\Bypass.cpp">
      <Filter>Source Files</Filter>
    </ClCompile>
    <ClCompile Include="src\cheat\util\input.cpp">
      <Filter>Source Files</Filter>
    </ClCompile>
    <ClCompile Include="src\cheat\menu\submenus\player.cpp">
      <Filter>Source Files</Filter>
    </ClCompile>
    <ClCompile Include="src\core\hooks\Task.cpp">
      <Filter>Source Files</Filter>
    </ClCompile>
    <ClCompile Include="src\cheat\util\control_manager.cpp">
      <Filter>Source Files</Filter>
    </ClCompile>
    <ClCompile Include="src\core\hooks\HandleNetworkEvent.cpp">
      <Filter>Source Files</Filter>
    </ClCompile>
    <ClCompile Include="src\cheat\util\notify.cpp">
      <Filter>Source Files</Filter>
    </ClCompile>
    <ClCompile Include="src\core\hooks\InitNativeTables.cpp">
      <Filter>Source Files</Filter>
    </ClCompile>
    <ClCompile Include="src\cheat\util\script\script_patch.cpp">
      <Filter>Source Files</Filter>
    </ClCompile>
    <ClCompile Include="src\cheat\util\script\script_patcher_service.cpp">
      <Filter>Source Files</Filter>
    </ClCompile>
    <ClCompile Include="src\core\hooks\CanApplyData.cpp">
      <Filter>Source Files</Filter>
    </ClCompile>
    <ClCompile Include="src\core\hooks\ProcessCloneSync.cpp">
      <Filter>Source Files</Filter>
    </ClCompile>
    <ClCompile Include="src\core\hooks\GameEngine.cpp">
      <Filter>Source Files</Filter>
    </ClCompile>
    <ClCompile Include="src\cheat\menu\submenus\protection.cpp">
      <Filter>Source Files</Filter>
    </ClCompile>
    <ClCompile Include="src\core\hooks\ApplyPlayerPhysicalIndex.cpp">
      <Filter>Source Files</Filter>
    </ClCompile>
    <ClCompile Include="src\framework\d3d.cpp">
      <Filter>Source Files</Filter>
    </ClCompile>
    <ClCompile Include="src\cheat\util\texture.cpp">
      <Filter>Source Files</Filter>
    </ClCompile>
    <ClCompile Include="src\core\hooks\ProcessCloneCreate.cpp">
      <Filter>Source Files</Filter>
    </ClCompile>
    <ClCompile Include="src\cheat\menu\submenus\network\network_players.cpp">
      <Filter>Source Files</Filter>
    </ClCompile>
    <ClCompile Include="src\cheat\util\player_manager.cpp">
      <Filter>Source Files</Filter>
    </ClCompile>
    <ClCompile Include="src\cheat\util\timer.cpp">
      <Filter>Source Files</Filter>
    </ClCompile>
    <ClCompile Include="src\cheat\menu\submenus\network\players\network_players_selected.cpp">
      <Filter>Source Files</Filter>
    </ClCompile>
    <ClCompile Include="src\cheat\menu\submenus\network.cpp">
      <Filter>Source Files</Filter>
    </ClCompile>
    <ClCompile Include="src\cheat\menu\submenus\spawner.cpp">
      <Filter>Source Files</Filter>
    </ClCompile>
    <ClCompile Include="src\core\hooks\Crash.cpp">
      <Filter>Source Files</Filter>
    </ClCompile>
    <ClCompile Include="src\core\exceptions\stackWalker.cpp">
      <Filter>Source Files</Filter>
    </ClCompile>
    <ClCompile Include="src\cheat\menu\submenus\network\network_tunables.cpp">
      <Filter>Source Files</Filter>
    </ClCompile>
    <ClCompile Include="src\core\hooks\Script.cpp">
      <Filter>Source Files</Filter>
    </ClCompile>
    <ClCompile Include="src\cheat\util\panels.cpp">
      <Filter>Source Files</Filter>
    </ClCompile>
    <ClCompile Include="src\rage\engine.cpp">
      <Filter>Source Files</Filter>
    </ClCompile>
    <ClCompile Include="src\cheat\menu\submenus\weapon.cpp">
      <Filter>Source Files</Filter>
    </ClCompile>
    <ClCompile Include="src\cheat\menu\submenus\world.cpp">
      <Filter>Source Files</Filter>
    </ClCompile>
    <ClCompile Include="src\cheat\menu\submenus\vehicle.cpp">
      <Filter>Source Files</Filter>
    </ClCompile>
    <ClCompile Include="src\cheat\util\network_manager.cpp">
      <Filter>Source Files</Filter>
    </ClCompile>
    <ClCompile Include="src\rage\classes\script\scriptManager.cpp">
      <Filter>Source Files</Filter>
    </ClCompile>
    <ClCompile Include="src\rage\classes\network\Network.hpp">
      <Filter>Source Files</Filter>
    </ClCompile>
    <ClCompile Include="src\core\hooks\ConstructJoinMessage.cpp">
      <Filter>Source Files</Filter>
    </ClCompile>
    <ClCompile Include="src\core\hooks\HandleNetMessage.cpp">
      <Filter>Source Files</Filter>
    </ClCompile>
    <ClCompile Include="src\cheat\util\packet.cpp">
      <Filter>Source Files</Filter>
    </ClCompile>
    <ClCompile Include="src\core\hooks\CompressDataNode.cpp">
      <Filter>Source Files</Filter>
    </ClCompile>
    <ClCompile Include="src\core\hooks\SyncPedOrientation.cpp">
      <Filter>Source Files</Filter>
    </ClCompile>
    <ClCompile Include="src\core\hooks\PedMovementDataNode.cpp">
      <Filter>Source Files</Filter>
    </ClCompile>
    <ClCompile Include="src\core\hooks\SyncEntityMatrix.cpp">
      <Filter>Source Files</Filter>
    </ClCompile>
    <ClCompile Include="src\cheat\menu\submenus\network\network_spoofing.cpp">
      <Filter>Source Files</Filter>
    </ClCompile>
    <ClCompile Include="src\core\hooks\SendChatMessage.cpp">
      <Filter>Source Files</Filter>
    </ClCompile>
    <ClCompile Include="src\cheat\menu\submenus\settings.cpp">
      <Filter>Source Files</Filter>
    </ClCompile>
    <ClCompile Include="src\core\hooks\HandlePickupProcessing.cpp">
      <Filter>Source Files</Filter>
    </ClCompile>
    <ClCompile Include="src\core\hooks\ProcessCloneRemove.cpp">
      <Filter>Source Files</Filter>
    </ClCompile>
    <ClCompile Include="src\core\hooks\PackCloneCreate.cpp">
      <Filter>Source Files</Filter>
    </ClCompile>
    <ClCompile Include="src\core\hooks\PackCloneSync.cpp">
      <Filter>Source Files</Filter>
    </ClCompile>
    <ClCompile Include="src\core\hooks\SendCloneSync.cpp">
      <Filter>Source Files</Filter>
    </ClCompile>
    <ClCompile Include="src\core\hooks\WritePlayerGameStateDataNode.cpp">
      <Filter>Source Files</Filter>
    </ClCompile>
    <ClCompile Include="src\core\hooks\HandleMessageNewScriptHost.cpp">
      <Filter>Source Files</Filter>
    </ClCompile>
    <ClCompile Include="src\cheat\menu\submenus\teleport.cpp">
      <Filter>Source Files</Filter>
    </ClCompile>
    <ClCompile Include="src\cheat\menu\submenus\network\players\network_players_selected_griefing.cpp">
      <Filter>Source Files</Filter>
    </ClCompile>
    <ClCompile Include="src\core\hooks\HasRosPrivilege.cpp">
      <Filter>Source Files</Filter>
    </ClCompile>
    <ClCompile Include="src\core\hooks\HasGameBeenAltered.cpp">
      <Filter>Source Files</Filter>
    </ClCompile>
    <ClCompile Include="src\core\hooks\PostRawMessage.cpp">
      <Filter>Source Files</Filter>
    </ClCompile>
    <ClCompile Include="src\core\hooks\GetChatProfanityStatus.cpp">
      <Filter>Source Files</Filter>
    </ClCompile>
    <ClCompile Include="src\core\hooks\ParseNewsStoryFromJson.cpp">
      <Filter>Source Files</Filter>
    </ClCompile>
    <ClCompile Include="src\core\hooks\ApplyWeatherMeta.cpp">
      <Filter>Source Files</Filter>
    </ClCompile>
    <ClCompile Include="src\core\hooks\AllocateMemoryMessage.cpp">
      <Filter>Source Files</Filter>
    </ClCompile>
    <ClCompile Include="src\core\hooks\UpdateAttributes.cpp">
      <Filter>Source Files</Filter>
    </ClCompile>
    <ClCompile Include="src\core\hooks\MessageBoxTermination.cpp">
      <Filter>Source Files</Filter>
    </ClCompile>
    <ClCompile Include="src\core\hooks\ReceiveBroadcastArray.cpp">
      <Filter>Source Files</Filter>
    </ClCompile>
    <ClCompile Include="src\core\hooks\HandlePresenceEvent.cpp">
      <Filter>Source Files</Filter>
    </ClCompile>
    <ClCompile Include="src\cheat\menu\submenus\recovery.cpp">
      <Filter>Source Files</Filter>
    </ClCompile>
    <ClCompile Include="src\cheat\util\stats.cpp">
      <Filter>Source Files</Filter>
    </ClCompile>
  </ItemGroup>
</Project>