<?xml version="1.0" encoding="utf-8"?>
<Project ToolsVersion="17.0" xmlns="http://schemas.microsoft.com/developer/msbuild/2003">
  <ItemGroup>
    <CustomBuild Include="C:\Users\hanky.DESKTOP-AFRKBFD\source\repos\infamous\includes\CURL\curl-8.6.0\curl-8.6.0\CMakeFiles\446c5bc3ed825b5eb225f7870dda7136\INSTALL_force.rule">
      <Filter>CMake Rules</Filter>
    </CustomBuild>
  </ItemGroup>
  <ItemGroup>
    <Filter Include="CMake Rules">
      <UniqueIdentifier>{FB9844FE-5ABB-3C00-B4CD-B6FDB6650575}</UniqueIdentifier>
    </Filter>
  </ItemGroup>
</Project>
